
Microsoft Visual Studio Solution File, Format Version 12.00
# Visual Studio Version 17
VisualStudioVersion = 17.7.34031.279
MinimumVisualStudioVersion = 10.0.40219.1
Project("{9A19103F-16F7-4668-BE54-9A1E7A4F7556}") = "Reversi-api", "Reversi-api\Reversi-api.csproj", "{D26CB882-3C2C-4DD4-86C3-9926E0FD28B1}"
EndProject
Project("{FAE04EC0-301F-11D3-BF4B-00C04F79EFBC}") = "Reversi", "Reversi\Reversi.csproj", "{7E284F28-B4DE-44FB-B9A9-F4FD1550283C}"
EndProject
Global
	GlobalSection(SolutionConfigurationPlatforms) = preSolution
		Debug|Any CPU = Debug|Any CPU
		Release|Any CPU = Release|Any CPU
	EndGlobalSection
	GlobalSection(ProjectConfigurationPlatforms) = postSolution
		{D26CB882-3C2C-4DD4-86C3-9926E0FD28B1}.Debug|Any CPU.ActiveCfg = Debug|Any CPU
		{D26CB882-3C2C-4DD4-86C3-9926E0FD28B1}.Debug|Any CPU.Build.0 = Debug|Any CPU
		{D26CB882-3C2C-4DD4-86C3-9926E0FD28B1}.Release|Any CPU.ActiveCfg = Release|Any CPU
		{D26CB882-3C2C-4DD4-86C3-9926E0FD28B1}.Release|Any CPU.Build.0 = Release|Any CPU
		{7E284F28-B4DE-44FB-B9A9-F4FD1550283C}.Debug|Any CPU.ActiveCfg = Debug|Any CPU
		{7E284F28-B4DE-44FB-B9A9-F4FD1550283C}.Debug|Any CPU.Build.0 = Debug|Any CPU
		{7E284F28-B4DE-44FB-B9A9-F4FD1550283C}.Release|Any CPU.ActiveCfg = Release|Any CPU
		{7E284F28-B4DE-44FB-B9A9-F4FD1550283C}.Release|Any CPU.Build.0 = Release|Any CPU
	EndGlobalSection
	GlobalSection(SolutionProperties) = preSolution
		HideSolutionNode = FALSE
	EndGlobalSection
	GlobalSection(ExtensibilityGlobals) = postSolution
		SolutionGuid = {40D6AC35-8778-4DE2-AC8D-7DDB351D6C65}
	EndGlobalSection
EndGlobal
